
Microsoft Visual Studio Solution File, Format Version 12.00
# Visual Studio Version 16
VisualStudioVersion = 16.0.29306.81
MinimumVisualStudioVersion = 10.0.40219.1
Project("{FAE04EC0-301F-11D3-BF4B-00C04F79EFBC}") = "WpfApp1", "WpfApp1\WpfApp1.csproj", "{DAD8604B-E006-4C03-8C24-E479E74E4177}"
EndProject
Project("{9A19103F-16F7-4668-BE54-9A1E7A4F7556}") = "ConsoleApp1", "ConsoleApp1\ConsoleApp1.csproj", "{A39BCC9C-D400-4321-9A88-7D9D6B6F48AE}"
EndProject
Project("{FAE04EC0-301F-11D3-BF4B-00C04F79EFBC}") = "WpfApp3", "WpfApp3\WpfApp3.csproj", "{30317944-E569-4B94-AD8A-55B8717CF43C}"
EndProject
Project("{FAE04EC0-301F-11D3-BF4B-00C04F79EFBC}") = "WpfApp6", "WpfApp6\WpfApp6.csproj", "{772583D7-E483-4A67-8923-6F7DC97104D7}"
EndProject
Project("{FAE04EC0-301F-11D3-BF4B-00C04F79EFBC}") = "WpfApp7", "WpfApp7\WpfApp7.csproj", "{0FFC31C4-3631-4558-8C7C-C046FAD4E3CE}"
EndProject
Project("{FAE04EC0-301F-11D3-BF4B-00C04F79EFBC}") = "ConsoleApp2", "ConsoleApp2\ConsoleApp2.csproj", "{DFCBC943-A80D-4764-B897-30264F7D19E2}"
EndProject
Global
	GlobalSection(SolutionConfigurationPlatforms) = preSolution
		Debug|Any CPU = Debug|Any CPU
		Release|Any CPU = Release|Any CPU
	EndGlobalSection
	GlobalSection(ProjectConfigurationPlatforms) = postSolution
		{DAD8604B-E006-4C03-8C24-E479E74E4177}.Debug|Any CPU.ActiveCfg = Debug|Any CPU
		{DAD8604B-E006-4C03-8C24-E479E74E4177}.Debug|Any CPU.Build.0 = Debug|Any CPU
		{DAD8604B-E006-4C03-8C24-E479E74E4177}.Release|Any CPU.ActiveCfg = Release|Any CPU
		{DAD8604B-E006-4C03-8C24-E479E74E4177}.Release|Any CPU.Build.0 = Release|Any CPU
		{A39BCC9C-D400-4321-9A88-7D9D6B6F48AE}.Debug|Any CPU.ActiveCfg = Debug|Any CPU
		{A39BCC9C-D400-4321-9A88-7D9D6B6F48AE}.Debug|Any CPU.Build.0 = Debug|Any CPU
		{A39BCC9C-D400-4321-9A88-7D9D6B6F48AE}.Release|Any CPU.ActiveCfg = Release|Any CPU
		{A39BCC9C-D400-4321-9A88-7D9D6B6F48AE}.Release|Any CPU.Build.0 = Release|Any CPU
		{30317944-E569-4B94-AD8A-55B8717CF43C}.Debug|Any CPU.ActiveCfg = Debug|Any CPU
		{30317944-E569-4B94-AD8A-55B8717CF43C}.Debug|Any CPU.Build.0 = Debug|Any CPU
		{30317944-E569-4B94-AD8A-55B8717CF43C}.Release|Any CPU.ActiveCfg = Release|Any CPU
		{30317944-E569-4B94-AD8A-55B8717CF43C}.Release|Any CPU.Build.0 = Release|Any CPU
		{772583D7-E483-4A67-8923-6F7DC97104D7}.Debug|Any CPU.ActiveCfg = Debug|Any CPU
		{772583D7-E483-4A67-8923-6F7DC97104D7}.Debug|Any CPU.Build.0 = Debug|Any CPU
		{772583D7-E483-4A67-8923-6F7DC97104D7}.Release|Any CPU.ActiveCfg = Release|Any CPU
		{772583D7-E483-4A67-8923-6F7DC97104D7}.Release|Any CPU.Build.0 = Release|Any CPU
		{0FFC31C4-3631-4558-8C7C-C046FAD4E3CE}.Debug|Any CPU.ActiveCfg = Debug|Any CPU
		{0FFC31C4-3631-4558-8C7C-C046FAD4E3CE}.Debug|Any CPU.Build.0 = Debug|Any CPU
		{0FFC31C4-3631-4558-8C7C-C046FAD4E3CE}.Release|Any CPU.ActiveCfg = Release|Any CPU
		{0FFC31C4-3631-4558-8C7C-C046FAD4E3CE}.Release|Any CPU.Build.0 = Release|Any CPU
		{DFCBC943-A80D-4764-B897-30264F7D19E2}.Debug|Any CPU.ActiveCfg = Debug|Any CPU
		{DFCBC943-A80D-4764-B897-30264F7D19E2}.Debug|Any CPU.Build.0 = Debug|Any CPU
		{DFCBC943-A80D-4764-B897-30264F7D19E2}.Release|Any CPU.ActiveCfg = Release|Any CPU
		{DFCBC943-A80D-4764-B897-30264F7D19E2}.Release|Any CPU.Build.0 = Release|Any CPU
	EndGlobalSection
	GlobalSection(SolutionProperties) = preSolution
		HideSolutionNode = FALSE
	EndGlobalSection
	GlobalSection(ExtensibilityGlobals) = postSolution
		SolutionGuid = {1ED1B837-F754-4284-9C4C-BE0FC76F62C6}
	EndGlobalSection
EndGlobal
